
Microsoft Visual Studio Solution File, Format Version 12.00
# Visual Studio Version 17
VisualStudioVersion = 17.3.32825.248
MinimumVisualStudioVersion = 10.0.40219.1
Project("{FAE04EC0-301F-11D3-BF4B-00C04F79EFBC}") = "benrobot", "benrobot\benrobot.csproj", "{0BE150CD-5E5E-4C44-8D5B-29FD86653244}"
EndProject
Global
	GlobalSection(SolutionConfigurationPlatforms) = preSolution
		Debug|Any CPU = Debug|Any CPU
		Release|Any CPU = Release|Any CPU
	EndGlobalSection
	GlobalSection(ProjectConfigurationPlatforms) = postSolution
		{0BE150CD-5E5E-4C44-8D5B-29FD86653244}.Debug|Any CPU.ActiveCfg = Debug|Any CPU
		{0BE150CD-5E5E-4C44-8D5B-29FD86653244}.Debug|Any CPU.Build.0 = Debug|Any CPU
		{0BE150CD-5E5E-4C44-8D5B-29FD86653244}.Release|Any CPU.ActiveCfg = Release|Any CPU
		{0BE150CD-5E5E-4C44-8D5B-29FD86653244}.Release|Any CPU.Build.0 = Release|Any CPU
	EndGlobalSection
	GlobalSection(SolutionProperties) = preSolution
		HideSolutionNode = FALSE
	EndGlobalSection
	GlobalSection(ExtensibilityGlobals) = postSolution
		SolutionGuid = {E4AE405C-7CA2-4498-86B4-09C6B85E3299}
	EndGlobalSection
EndGlobal
